
Microsoft Visual Studio Solution File, Format Version 12.00
# Visual Studio Version 17
VisualStudioVersion = 17.1.32228.430
MinimumVisualStudioVersion = 10.0.40219.1
Project("{8BC9CEB8-8B4A-11D0-8D11-00A0C91BC942}") = "Novice", "Novice.vcxproj", "{0BC4A122-F06A-4486-BA08-4C9ACCA4AAB0}"
EndProject
Project("{2150E333-8FDC-42A3-9474-1A3956D46DE8}") = "ソリューション項目", "ソリューション項目", "{2CD37FB6-1E6A-4B44-89E2-284C6660F04E}"
	ProjectSection(SolutionItems) = preProject
		.editorconfig = .editorconfig
	EndProjectSection
EndProject
Global
	GlobalSection(SolutionConfigurationPlatforms) = preSolution
		Debug|x64 = Debug|x64
		Release|x64 = Release|x64
	EndGlobalSection
	GlobalSection(ProjectConfigurationPlatforms) = postSolution
		{0BC4A122-F06A-4486-BA08-4C9ACCA4AAB0}.Debug|x64.ActiveCfg = Debug|x64
		{0BC4A122-F06A-4486-BA08-4C9ACCA4AAB0}.Debug|x64.Build.0 = Debug|x64
		{0BC4A122-F06A-4486-BA08-4C9ACCA4AAB0}.Release|x64.ActiveCfg = Release|x64
		{0BC4A122-F06A-4486-BA08-4C9ACCA4AAB0}.Release|x64.Build.0 = Release|x64
	EndGlobalSection
	GlobalSection(SolutionProperties) = preSolution
		HideSolutionNode = FALSE
	EndGlobalSection
	GlobalSection(ExtensibilityGlobals) = postSolution
		SolutionGuid = {41E7FAA5-4C89-4CCF-A68D-3B9159478025}
	EndGlobalSection
EndGlobal
